
Microsoft Visual Studio Solution File, Format Version 12.00
Project("{FAE04EC0-301F-11D3-BF4B-00C04F79EFBC}") = "Switch", "Switch\Switch.csproj", "{7E970DF3-08B0-4389-B20B-D7C5793F8B12}"
EndProject
Global
	GlobalSection(SolutionConfigurationPlatforms) = preSolution
		Debug|Any CPU = Debug|Any CPU
		Release|Any CPU = Release|Any CPU
	EndGlobalSection
	GlobalSection(ProjectConfigurationPlatforms) = postSolution
		{7E970DF3-08B0-4389-B20B-D7C5793F8B12}.Debug|Any CPU.ActiveCfg = Debug|Any CPU
		{7E970DF3-08B0-4389-B20B-D7C5793F8B12}.Debug|Any CPU.Build.0 = Debug|Any CPU
		{7E970DF3-08B0-4389-B20B-D7C5793F8B12}.Release|Any CPU.ActiveCfg = Release|Any CPU
		{7E970DF3-08B0-4389-B20B-D7C5793F8B12}.Release|Any CPU.Build.0 = Release|Any CPU
	EndGlobalSection
EndGlobal
