
Microsoft Visual Studio Solution File, Format Version 12.00
Project("{FAE04EC0-301F-11D3-BF4B-00C04F79EFBC}") = "Access", "Access\Access.csproj", "{341CCA63-B24D-421B-B7FD-893F944E710B}"
EndProject
Project("{FAE04EC0-301F-11D3-BF4B-00C04F79EFBC}") = "MyLib1", "MyLib1\MyLib1.csproj", "{B771F861-6EAA-4D4E-A8B8-1E38C13DFB1E}"
EndProject
Global
	GlobalSection(SolutionConfigurationPlatforms) = preSolution
		Debug|Any CPU = Debug|Any CPU
		Release|Any CPU = Release|Any CPU
	EndGlobalSection
	GlobalSection(ProjectConfigurationPlatforms) = postSolution
		{341CCA63-B24D-421B-B7FD-893F944E710B}.Debug|Any CPU.ActiveCfg = Debug|Any CPU
		{341CCA63-B24D-421B-B7FD-893F944E710B}.Debug|Any CPU.Build.0 = Debug|Any CPU
		{341CCA63-B24D-421B-B7FD-893F944E710B}.Release|Any CPU.ActiveCfg = Release|Any CPU
		{341CCA63-B24D-421B-B7FD-893F944E710B}.Release|Any CPU.Build.0 = Release|Any CPU
		{B771F861-6EAA-4D4E-A8B8-1E38C13DFB1E}.Debug|Any CPU.ActiveCfg = Debug|Any CPU
		{B771F861-6EAA-4D4E-A8B8-1E38C13DFB1E}.Debug|Any CPU.Build.0 = Debug|Any CPU
		{B771F861-6EAA-4D4E-A8B8-1E38C13DFB1E}.Release|Any CPU.ActiveCfg = Release|Any CPU
		{B771F861-6EAA-4D4E-A8B8-1E38C13DFB1E}.Release|Any CPU.Build.0 = Release|Any CPU
	EndGlobalSection
EndGlobal
