
Microsoft Visual Studio Solution File, Format Version 12.00
Project("{FAE04EC0-301F-11D3-BF4B-00C04F79EFBC}") = "GameOfLife", "GameOfLife\GameOfLife.csproj", "{5F63209C-B69A-40E0-A2E0-1DAF196BB081}"
EndProject
Global
	GlobalSection(SolutionConfigurationPlatforms) = preSolution
		Debug|Any CPU = Debug|Any CPU
		Release|Any CPU = Release|Any CPU
	EndGlobalSection
	GlobalSection(ProjectConfigurationPlatforms) = postSolution
		{5F63209C-B69A-40E0-A2E0-1DAF196BB081}.Debug|Any CPU.ActiveCfg = Debug|Any CPU
		{5F63209C-B69A-40E0-A2E0-1DAF196BB081}.Debug|Any CPU.Build.0 = Debug|Any CPU
		{5F63209C-B69A-40E0-A2E0-1DAF196BB081}.Release|Any CPU.ActiveCfg = Release|Any CPU
		{5F63209C-B69A-40E0-A2E0-1DAF196BB081}.Release|Any CPU.Build.0 = Release|Any CPU
	EndGlobalSection
EndGlobal
